
Microsoft Visual Studio Solution File, Format Version 12.00
# Visual Studio Version 16
VisualStudioVersion = 16.0.33927.289
MinimumVisualStudioVersion = 10.0.40219.1
Project("{2150E333-8FDC-42A3-9474-1A3956D46DE8}") = "Task0", "Task0", "{5E84D4D0-FE61-421C-8665-867B0A36F263}"
EndProject
Project("{FAE04EC0-301F-11D3-BF4B-00C04F79EFBC}") = "Tyuiu.MotorovaDD.Sprint4.Task0.V19", "Tyuiu.MotorovaDD.Sprint4.Task0.V19\Tyuiu.MotorovaDD.Sprint4.Task0.V19.csproj", "{ADE5F077-E9D8-4F67-B1E5-0A240AD698AD}"
EndProject
Project("{FAE04EC0-301F-11D3-BF4B-00C04F79EFBC}") = "Tyuiu.MotorovaDD.Sprint4.Task0.V19.Test", "Tyuiu.MotorovaDD.Sprint4.Task0.V19.Test\Tyuiu.MotorovaDD.Sprint4.Task0.V19.Test.csproj", "{06F60C2F-17C7-432E-84DF-DC311DB8C0E9}"
EndProject
Project("{FAE04EC0-301F-11D3-BF4B-00C04F79EFBC}") = "Tyuiu.MotorovaDD.Sprint4.Task0.V19.Lib", "Tyuiu.MotorovaDD.Sprint4.Task0.V19.Lib\Tyuiu.MotorovaDD.Sprint4.Task0.V19.Lib.csproj", "{B0B416A8-B550-4126-99E7-6A360F49F1B0}"
EndProject
Project("{2150E333-8FDC-42A3-9474-1A3956D46DE8}") = "Task1", "Task1", "{C89FFB8A-A37A-4C92-A3B0-D4FA847F9CCA}"
EndProject
Project("{FAE04EC0-301F-11D3-BF4B-00C04F79EFBC}") = "Tyuiu.MotorovaDD.Sprint4.Task1.V27", "Tyuiu.MotorovaDD.Sprint4.Task1.V27\Tyuiu.MotorovaDD.Sprint4.Task1.V27.csproj", "{B8AE89DA-53B5-4B1B-B072-A5A47516E9CD}"
EndProject
Project("{FAE04EC0-301F-11D3-BF4B-00C04F79EFBC}") = "Tyuiu.MotorovaDD.Sprint4.Task1.V27.Lib", "Tyuiu.MotorovaDD.Sprint4.Task1.V27.Lib\Tyuiu.MotorovaDD.Sprint4.Task1.V27.Lib.csproj", "{C47E3F3B-532A-4971-9860-7F6CFA67E14A}"
EndProject
Project("{FAE04EC0-301F-11D3-BF4B-00C04F79EFBC}") = "Tyuiu.MotorovaDD.Sprint4.Task1.V27.Test", "Tyuiu.MotorovaDD.Sprint4.Task1.V27.Test\Tyuiu.MotorovaDD.Sprint4.Task1.V27.Test.csproj", "{58483663-723F-4CA0-AEE4-1BBA58A3199A}"
EndProject
Project("{2150E333-8FDC-42A3-9474-1A3956D46DE8}") = "Task2", "Task2", "{69F8BD6D-FE1C-47EF-885A-87644ABA3491}"
EndProject
Project("{FAE04EC0-301F-11D3-BF4B-00C04F79EFBC}") = "Tyuiu.MotorovaDD.Sprint4.Task2.V30", "Tyuiu.MotorovaDD.Sprint4.Task2.V30\Tyuiu.MotorovaDD.Sprint4.Task2.V30.csproj", "{92FE4706-5B5D-46C5-B0CD-9F517D31F781}"
EndProject
Project("{FAE04EC0-301F-11D3-BF4B-00C04F79EFBC}") = "Tyuiu.MotorovaDD.Sprint4.Task2.V30.Lib", "Tyuiu.MotorovaDD.Sprint4.Task2.V30.Lib\Tyuiu.MotorovaDD.Sprint4.Task2.V30.Lib.csproj", "{5F5C2A36-4511-4AC2-944D-93A04874CEC0}"
EndProject
Project("{FAE04EC0-301F-11D3-BF4B-00C04F79EFBC}") = "Tyuiu.MotorovaDD.Sprint4.Task2.V30.Test", "Tyuiu.MotorovaDD.Sprint4.Task2.V30.Test\Tyuiu.MotorovaDD.Sprint4.Task2.V30.Test.csproj", "{74E4305D-E16E-4AFD-A04D-071EDF9443E4}"
EndProject
Project("{2150E333-8FDC-42A3-9474-1A3956D46DE8}") = "Task3", "Task3", "{3DF47158-00AA-4748-88C7-70F0BF2D943C}"
EndProject
Project("{FAE04EC0-301F-11D3-BF4B-00C04F79EFBC}") = "Tyuiu.MotorovaDD.Sprint4.Task3.V21", "Tyuiu.MotorovaDD.Sprint4.Task3.V21\Tyuiu.MotorovaDD.Sprint4.Task3.V21.csproj", "{01798C81-ECAF-4405-BC29-293282694DF7}"
EndProject
Project("{FAE04EC0-301F-11D3-BF4B-00C04F79EFBC}") = "Tyuiu.MotorovaDD.Sprint4.Task3.V21.Lib", "Tyuiu.MotorovaDD.Sprint4.Task3.V21.Lib\Tyuiu.MotorovaDD.Sprint4.Task3.V21.Lib.csproj", "{F62B2104-0613-43CD-A0E0-6C41C95218F1}"
EndProject
Project("{FAE04EC0-301F-11D3-BF4B-00C04F79EFBC}") = "Tyuiu.MotorovaDD.Sprint4.Task3.V21.Test", "Tyuiu.MotorovaDD.Sprint4.Task3.V21.Test\Tyuiu.MotorovaDD.Sprint4.Task3.V21.Test.csproj", "{5BE0AB25-4152-458A-9141-C949CEB8E9B3}"
EndProject
Project("{2150E333-8FDC-42A3-9474-1A3956D46DE8}") = "Task4", "Task4", "{D74E50DB-CE5B-43EA-B6FF-785C480976C8}"
EndProject
Project("{FAE04EC0-301F-11D3-BF4B-00C04F79EFBC}") = "Tyuiu.MotorovaDD.Sprint4.Task4.V24", "Tyuiu.MotorovaDD.Sprint4.Task4.V24\Tyuiu.MotorovaDD.Sprint4.Task4.V24.csproj", "{F433030A-460E-4A7B-AAEA-72E77D018D7E}"
EndProject
Project("{FAE04EC0-301F-11D3-BF4B-00C04F79EFBC}") = "Tyuiu.MotorovaDD.Sprint4.Task4.V24.Test", "Tyuiu.MotorovaDD.Sprint4.Task4.V24.Test\Tyuiu.MotorovaDD.Sprint4.Task4.V24.Test.csproj", "{B941C56A-9E70-45B1-9D16-B21E88D5082C}"
EndProject
Project("{FAE04EC0-301F-11D3-BF4B-00C04F79EFBC}") = "Tyuiu.MotorovaDD.Sprint4.Task4.V24.Lib", "Tyuiu.MotorovaDD.Sprint4.Task4.V24.Lib\Tyuiu.MotorovaDD.Sprint4.Task4.V24.Lib.csproj", "{55890FC9-8B0F-45A5-9427-885C4C04F9A6}"
EndProject
Project("{2150E333-8FDC-42A3-9474-1A3956D46DE8}") = "Task5", "Task5", "{3D2AFED8-0B0B-47E5-A456-5D431399987B}"
EndProject
Project("{FAE04EC0-301F-11D3-BF4B-00C04F79EFBC}") = "Tyuiu.MotorovaDD.Sprint4.Task5.V8", "Tyuiu.MotorovaDD.Sprint4.Task5.V8\Tyuiu.MotorovaDD.Sprint4.Task5.V8.csproj", "{B406EE5C-8587-4595-9B34-7095C499EBE6}"
EndProject
Project("{FAE04EC0-301F-11D3-BF4B-00C04F79EFBC}") = "Tyuiu.MotorovaDD.Sprint4.Task5.V8.Test", "Tyuiu.MotorovaDD.Sprint4.Task5.V8.Test\Tyuiu.MotorovaDD.Sprint4.Task5.V8.Test.csproj", "{FDA95B5D-DFC6-41C5-BE06-86DA19F45C4D}"
EndProject
Project("{FAE04EC0-301F-11D3-BF4B-00C04F79EFBC}") = "Tyuiu.MotorovaDD.Sprint4.Task5.V8.Lib", "Tyuiu.MotorovaDD.Sprint4.Task5.V8.Lib\Tyuiu.MotorovaDD.Sprint4.Task5.V8.Lib.csproj", "{707F79B8-6D1F-4A92-9EF0-C4F051CA880D}"
EndProject
Project("{2150E333-8FDC-42A3-9474-1A3956D46DE8}") = "Task6", "Task6", "{06C6E297-C477-4E62-919F-E844BD17DE56}"
EndProject
Project("{FAE04EC0-301F-11D3-BF4B-00C04F79EFBC}") = "Tyuiu.MotorovaDD.Sprint4.Task6.V17", "Tyuiu.MotorovaDD.Sprint4.Task6.V17\Tyuiu.MotorovaDD.Sprint4.Task6.V17.csproj", "{DD98B87D-291C-4EEF-AF90-99A9948E37EC}"
EndProject
Project("{FAE04EC0-301F-11D3-BF4B-00C04F79EFBC}") = "Tyuiu.MotorovaDD.Sprint4.Task6.V17.Lib", "Tyuiu.MotorovaDD.Sprint4.Task6.V17.Lib\Tyuiu.MotorovaDD.Sprint4.Task6.V17.Lib.csproj", "{D6A0A72A-37AD-4F72-A7DC-D1710267C9D4}"
EndProject
Project("{FAE04EC0-301F-11D3-BF4B-00C04F79EFBC}") = "Tyuiu.MotorovaDD.Sprint4.Task6.V17.Test", "Tyuiu.MotorovaDD.Sprint4.Task6.V17.Test\Tyuiu.MotorovaDD.Sprint4.Task6.V17.Test.csproj", "{82ACD99E-40B0-43E9-B393-1736169811F8}"
EndProject
Project("{2150E333-8FDC-42A3-9474-1A3956D46DE8}") = "Task7", "Task7", "{6743E6DC-22C4-4ADB-A5B9-1C1BF07F4A23}"
EndProject
Project("{FAE04EC0-301F-11D3-BF4B-00C04F79EFBC}") = "Tyuiu.MotorovaDD.Sprint4.Task7.V11", "Tyuiu.MotorovaDD.Sprint4.Task7.V11\Tyuiu.MotorovaDD.Sprint4.Task7.V11.csproj", "{3CC0F9AD-852D-4419-8D4E-A1E8BD7D0D9D}"
EndProject
Project("{FAE04EC0-301F-11D3-BF4B-00C04F79EFBC}") = "Tyuiu.MotorovaDD.Sprint4.Task7.V11.Test", "Tyuiu.MotorovaDD.Sprint4.Task7.V11.Test\Tyuiu.MotorovaDD.Sprint4.Task7.V11.Test.csproj", "{35B95D65-7683-429F-8275-FD7689C36DDE}"
EndProject
Project("{FAE04EC0-301F-11D3-BF4B-00C04F79EFBC}") = "Tyuiu.MotorovaDD.Sprint4.Task7.V11.Lib", "Tyuiu.MotorovaDD.Sprint4.Task7.V11.Lib\Tyuiu.MotorovaDD.Sprint4.Task7.V11.Lib.csproj", "{D66E0547-DA44-4859-80F8-03AC76D73E8B}"
EndProject
Global
	GlobalSection(SolutionConfigurationPlatforms) = preSolution
		Debug|Any CPU = Debug|Any CPU
		Release|Any CPU = Release|Any CPU
	EndGlobalSection
	GlobalSection(ProjectConfigurationPlatforms) = postSolution
		{ADE5F077-E9D8-4F67-B1E5-0A240AD698AD}.Debug|Any CPU.ActiveCfg = Debug|Any CPU
		{ADE5F077-E9D8-4F67-B1E5-0A240AD698AD}.Debug|Any CPU.Build.0 = Debug|Any CPU
		{ADE5F077-E9D8-4F67-B1E5-0A240AD698AD}.Release|Any CPU.ActiveCfg = Release|Any CPU
		{ADE5F077-E9D8-4F67-B1E5-0A240AD698AD}.Release|Any CPU.Build.0 = Release|Any CPU
		{06F60C2F-17C7-432E-84DF-DC311DB8C0E9}.Debug|Any CPU.ActiveCfg = Debug|Any CPU
		{06F60C2F-17C7-432E-84DF-DC311DB8C0E9}.Debug|Any CPU.Build.0 = Debug|Any CPU
		{06F60C2F-17C7-432E-84DF-DC311DB8C0E9}.Release|Any CPU.ActiveCfg = Release|Any CPU
		{06F60C2F-17C7-432E-84DF-DC311DB8C0E9}.Release|Any CPU.Build.0 = Release|Any CPU
		{B0B416A8-B550-4126-99E7-6A360F49F1B0}.Debug|Any CPU.ActiveCfg = Debug|Any CPU
		{B0B416A8-B550-4126-99E7-6A360F49F1B0}.Debug|Any CPU.Build.0 = Debug|Any CPU
		{B0B416A8-B550-4126-99E7-6A360F49F1B0}.Release|Any CPU.ActiveCfg = Release|Any CPU
		{B0B416A8-B550-4126-99E7-6A360F49F1B0}.Release|Any CPU.Build.0 = Release|Any CPU
		{B8AE89DA-53B5-4B1B-B072-A5A47516E9CD}.Debug|Any CPU.ActiveCfg = Debug|Any CPU
		{B8AE89DA-53B5-4B1B-B072-A5A47516E9CD}.Debug|Any CPU.Build.0 = Debug|Any CPU
		{B8AE89DA-53B5-4B1B-B072-A5A47516E9CD}.Release|Any CPU.ActiveCfg = Release|Any CPU
		{B8AE89DA-53B5-4B1B-B072-A5A47516E9CD}.Release|Any CPU.Build.0 = Release|Any CPU
		{C47E3F3B-532A-4971-9860-7F6CFA67E14A}.Debug|Any CPU.ActiveCfg = Debug|Any CPU
		{C47E3F3B-532A-4971-9860-7F6CFA67E14A}.Debug|Any CPU.Build.0 = Debug|Any CPU
		{C47E3F3B-532A-4971-9860-7F6CFA67E14A}.Release|Any CPU.ActiveCfg = Release|Any CPU
		{C47E3F3B-532A-4971-9860-7F6CFA67E14A}.Release|Any CPU.Build.0 = Release|Any CPU
		{58483663-723F-4CA0-AEE4-1BBA58A3199A}.Debug|Any CPU.ActiveCfg = Debug|Any CPU
		{58483663-723F-4CA0-AEE4-1BBA58A3199A}.Debug|Any CPU.Build.0 = Debug|Any CPU
		{58483663-723F-4CA0-AEE4-1BBA58A3199A}.Release|Any CPU.ActiveCfg = Release|Any CPU
		{58483663-723F-4CA0-AEE4-1BBA58A3199A}.Release|Any CPU.Build.0 = Release|Any CPU
		{92FE4706-5B5D-46C5-B0CD-9F517D31F781}.Debug|Any CPU.ActiveCfg = Debug|Any CPU
		{92FE4706-5B5D-46C5-B0CD-9F517D31F781}.Debug|Any CPU.Build.0 = Debug|Any CPU
		{92FE4706-5B5D-46C5-B0CD-9F517D31F781}.Release|Any CPU.ActiveCfg = Release|Any CPU
		{92FE4706-5B5D-46C5-B0CD-9F517D31F781}.Release|Any CPU.Build.0 = Release|Any CPU
		{5F5C2A36-4511-4AC2-944D-93A04874CEC0}.Debug|Any CPU.ActiveCfg = Debug|Any CPU
		{5F5C2A36-4511-4AC2-944D-93A04874CEC0}.Debug|Any CPU.Build.0 = Debug|Any CPU
		{5F5C2A36-4511-4AC2-944D-93A04874CEC0}.Release|Any CPU.ActiveCfg = Release|Any CPU
		{5F5C2A36-4511-4AC2-944D-93A04874CEC0}.Release|Any CPU.Build.0 = Release|Any CPU
		{74E4305D-E16E-4AFD-A04D-071EDF9443E4}.Debug|Any CPU.ActiveCfg = Debug|Any CPU
		{74E4305D-E16E-4AFD-A04D-071EDF9443E4}.Debug|Any CPU.Build.0 = Debug|Any CPU
		{74E4305D-E16E-4AFD-A04D-071EDF9443E4}.Release|Any CPU.ActiveCfg = Release|Any CPU
		{74E4305D-E16E-4AFD-A04D-071EDF9443E4}.Release|Any CPU.Build.0 = Release|Any CPU
		{01798C81-ECAF-4405-BC29-293282694DF7}.Debug|Any CPU.ActiveCfg = Debug|Any CPU
		{01798C81-ECAF-4405-BC29-293282694DF7}.Debug|Any CPU.Build.0 = Debug|Any CPU
		{01798C81-ECAF-4405-BC29-293282694DF7}.Release|Any CPU.ActiveCfg = Release|Any CPU
		{01798C81-ECAF-4405-BC29-293282694DF7}.Release|Any CPU.Build.0 = Release|Any CPU
		{F62B2104-0613-43CD-A0E0-6C41C95218F1}.Debug|Any CPU.ActiveCfg = Debug|Any CPU
		{F62B2104-0613-43CD-A0E0-6C41C95218F1}.Debug|Any CPU.Build.0 = Debug|Any CPU
		{F62B2104-0613-43CD-A0E0-6C41C95218F1}.Release|Any CPU.ActiveCfg = Release|Any CPU
		{F62B2104-0613-43CD-A0E0-6C41C95218F1}.Release|Any CPU.Build.0 = Release|Any CPU
		{5BE0AB25-4152-458A-9141-C949CEB8E9B3}.Debug|Any CPU.ActiveCfg = Debug|Any CPU
		{5BE0AB25-4152-458A-9141-C949CEB8E9B3}.Debug|Any CPU.Build.0 = Debug|Any CPU
		{5BE0AB25-4152-458A-9141-C949CEB8E9B3}.Release|Any CPU.ActiveCfg = Release|Any CPU
		{5BE0AB25-4152-458A-9141-C949CEB8E9B3}.Release|Any CPU.Build.0 = Release|Any CPU
		{F433030A-460E-4A7B-AAEA-72E77D018D7E}.Debug|Any CPU.ActiveCfg = Debug|Any CPU
		{F433030A-460E-4A7B-AAEA-72E77D018D7E}.Debug|Any CPU.Build.0 = Debug|Any CPU
		{F433030A-460E-4A7B-AAEA-72E77D018D7E}.Release|Any CPU.ActiveCfg = Release|Any CPU
		{F433030A-460E-4A7B-AAEA-72E77D018D7E}.Release|Any CPU.Build.0 = Release|Any CPU
		{B941C56A-9E70-45B1-9D16-B21E88D5082C}.Debug|Any CPU.ActiveCfg = Debug|Any CPU
		{B941C56A-9E70-45B1-9D16-B21E88D5082C}.Debug|Any CPU.Build.0 = Debug|Any CPU
		{B941C56A-9E70-45B1-9D16-B21E88D5082C}.Release|Any CPU.ActiveCfg = Release|Any CPU
		{B941C56A-9E70-45B1-9D16-B21E88D5082C}.Release|Any CPU.Build.0 = Release|Any CPU
		{55890FC9-8B0F-45A5-9427-885C4C04F9A6}.Debug|Any CPU.ActiveCfg = Debug|Any CPU
		{55890FC9-8B0F-45A5-9427-885C4C04F9A6}.Debug|Any CPU.Build.0 = Debug|Any CPU
		{55890FC9-8B0F-45A5-9427-885C4C04F9A6}.Release|Any CPU.ActiveCfg = Release|Any CPU
		{55890FC9-8B0F-45A5-9427-885C4C04F9A6}.Release|Any CPU.Build.0 = Release|Any CPU
		{B406EE5C-8587-4595-9B34-7095C499EBE6}.Debug|Any CPU.ActiveCfg = Debug|Any CPU
		{B406EE5C-8587-4595-9B34-7095C499EBE6}.Debug|Any CPU.Build.0 = Debug|Any CPU
		{B406EE5C-8587-4595-9B34-7095C499EBE6}.Release|Any CPU.ActiveCfg = Release|Any CPU
		{B406EE5C-8587-4595-9B34-7095C499EBE6}.Release|Any CPU.Build.0 = Release|Any CPU
		{FDA95B5D-DFC6-41C5-BE06-86DA19F45C4D}.Debug|Any CPU.ActiveCfg = Debug|Any CPU
		{FDA95B5D-DFC6-41C5-BE06-86DA19F45C4D}.Debug|Any CPU.Build.0 = Debug|Any CPU
		{FDA95B5D-DFC6-41C5-BE06-86DA19F45C4D}.Release|Any CPU.ActiveCfg = Release|Any CPU
		{FDA95B5D-DFC6-41C5-BE06-86DA19F45C4D}.Release|Any CPU.Build.0 = Release|Any CPU
		{707F79B8-6D1F-4A92-9EF0-C4F051CA880D}.Debug|Any CPU.ActiveCfg = Debug|Any CPU
		{707F79B8-6D1F-4A92-9EF0-C4F051CA880D}.Debug|Any CPU.Build.0 = Debug|Any CPU
		{707F79B8-6D1F-4A92-9EF0-C4F051CA880D}.Release|Any CPU.ActiveCfg = Release|Any CPU
		{707F79B8-6D1F-4A92-9EF0-C4F051CA880D}.Release|Any CPU.Build.0 = Release|Any CPU
		{DD98B87D-291C-4EEF-AF90-99A9948E37EC}.Debug|Any CPU.ActiveCfg = Debug|Any CPU
		{DD98B87D-291C-4EEF-AF90-99A9948E37EC}.Debug|Any CPU.Build.0 = Debug|Any CPU
		{DD98B87D-291C-4EEF-AF90-99A9948E37EC}.Release|Any CPU.ActiveCfg = Release|Any CPU
		{DD98B87D-291C-4EEF-AF90-99A9948E37EC}.Release|Any CPU.Build.0 = Release|Any CPU
		{D6A0A72A-37AD-4F72-A7DC-D1710267C9D4}.Debug|Any CPU.ActiveCfg = Debug|Any CPU
		{D6A0A72A-37AD-4F72-A7DC-D1710267C9D4}.Debug|Any CPU.Build.0 = Debug|Any CPU
		{D6A0A72A-37AD-4F72-A7DC-D1710267C9D4}.Release|Any CPU.ActiveCfg = Release|Any CPU
		{D6A0A72A-37AD-4F72-A7DC-D1710267C9D4}.Release|Any CPU.Build.0 = Release|Any CPU
		{82ACD99E-40B0-43E9-B393-1736169811F8}.Debug|Any CPU.ActiveCfg = Debug|Any CPU
		{82ACD99E-40B0-43E9-B393-1736169811F8}.Debug|Any CPU.Build.0 = Debug|Any CPU
		{82ACD99E-40B0-43E9-B393-1736169811F8}.Release|Any CPU.ActiveCfg = Release|Any CPU
		{82ACD99E-40B0-43E9-B393-1736169811F8}.Release|Any CPU.Build.0 = Release|Any CPU
		{3CC0F9AD-852D-4419-8D4E-A1E8BD7D0D9D}.Debug|Any CPU.ActiveCfg = Debug|Any CPU
		{3CC0F9AD-852D-4419-8D4E-A1E8BD7D0D9D}.Debug|Any CPU.Build.0 = Debug|Any CPU
		{3CC0F9AD-852D-4419-8D4E-A1E8BD7D0D9D}.Release|Any CPU.ActiveCfg = Release|Any CPU
		{3CC0F9AD-852D-4419-8D4E-A1E8BD7D0D9D}.Release|Any CPU.Build.0 = Release|Any CPU
		{35B95D65-7683-429F-8275-FD7689C36DDE}.Debug|Any CPU.ActiveCfg = Debug|Any CPU
		{35B95D65-7683-429F-8275-FD7689C36DDE}.Debug|Any CPU.Build.0 = Debug|Any CPU
		{35B95D65-7683-429F-8275-FD7689C36DDE}.Release|Any CPU.ActiveCfg = Release|Any CPU
		{35B95D65-7683-429F-8275-FD7689C36DDE}.Release|Any CPU.Build.0 = Release|Any CPU
		{D66E0547-DA44-4859-80F8-03AC76D73E8B}.Debug|Any CPU.ActiveCfg = Debug|Any CPU
		{D66E0547-DA44-4859-80F8-03AC76D73E8B}.Debug|Any CPU.Build.0 = Debug|Any CPU
		{D66E0547-DA44-4859-80F8-03AC76D73E8B}.Release|Any CPU.ActiveCfg = Release|Any CPU
		{D66E0547-DA44-4859-80F8-03AC76D73E8B}.Release|Any CPU.Build.0 = Release|Any CPU
	EndGlobalSection
	GlobalSection(SolutionProperties) = preSolution
		HideSolutionNode = FALSE
	EndGlobalSection
	GlobalSection(NestedProjects) = preSolution
		{ADE5F077-E9D8-4F67-B1E5-0A240AD698AD} = {5E84D4D0-FE61-421C-8665-867B0A36F263}
		{06F60C2F-17C7-432E-84DF-DC311DB8C0E9} = {5E84D4D0-FE61-421C-8665-867B0A36F263}
		{B0B416A8-B550-4126-99E7-6A360F49F1B0} = {5E84D4D0-FE61-421C-8665-867B0A36F263}
		{B8AE89DA-53B5-4B1B-B072-A5A47516E9CD} = {C89FFB8A-A37A-4C92-A3B0-D4FA847F9CCA}
		{C47E3F3B-532A-4971-9860-7F6CFA67E14A} = {C89FFB8A-A37A-4C92-A3B0-D4FA847F9CCA}
		{58483663-723F-4CA0-AEE4-1BBA58A3199A} = {C89FFB8A-A37A-4C92-A3B0-D4FA847F9CCA}
		{92FE4706-5B5D-46C5-B0CD-9F517D31F781} = {69F8BD6D-FE1C-47EF-885A-87644ABA3491}
		{5F5C2A36-4511-4AC2-944D-93A04874CEC0} = {69F8BD6D-FE1C-47EF-885A-87644ABA3491}
		{74E4305D-E16E-4AFD-A04D-071EDF9443E4} = {69F8BD6D-FE1C-47EF-885A-87644ABA3491}
		{01798C81-ECAF-4405-BC29-293282694DF7} = {3DF47158-00AA-4748-88C7-70F0BF2D943C}
		{F62B2104-0613-43CD-A0E0-6C41C95218F1} = {3DF47158-00AA-4748-88C7-70F0BF2D943C}
		{5BE0AB25-4152-458A-9141-C949CEB8E9B3} = {3DF47158-00AA-4748-88C7-70F0BF2D943C}
		{F433030A-460E-4A7B-AAEA-72E77D018D7E} = {D74E50DB-CE5B-43EA-B6FF-785C480976C8}
		{B941C56A-9E70-45B1-9D16-B21E88D5082C} = {D74E50DB-CE5B-43EA-B6FF-785C480976C8}
		{55890FC9-8B0F-45A5-9427-885C4C04F9A6} = {D74E50DB-CE5B-43EA-B6FF-785C480976C8}
		{B406EE5C-8587-4595-9B34-7095C499EBE6} = {3D2AFED8-0B0B-47E5-A456-5D431399987B}
		{FDA95B5D-DFC6-41C5-BE06-86DA19F45C4D} = {3D2AFED8-0B0B-47E5-A456-5D431399987B}
		{707F79B8-6D1F-4A92-9EF0-C4F051CA880D} = {3D2AFED8-0B0B-47E5-A456-5D431399987B}
		{DD98B87D-291C-4EEF-AF90-99A9948E37EC} = {06C6E297-C477-4E62-919F-E844BD17DE56}
		{D6A0A72A-37AD-4F72-A7DC-D1710267C9D4} = {06C6E297-C477-4E62-919F-E844BD17DE56}
		{82ACD99E-40B0-43E9-B393-1736169811F8} = {06C6E297-C477-4E62-919F-E844BD17DE56}
		{3CC0F9AD-852D-4419-8D4E-A1E8BD7D0D9D} = {6743E6DC-22C4-4ADB-A5B9-1C1BF07F4A23}
		{35B95D65-7683-429F-8275-FD7689C36DDE} = {6743E6DC-22C4-4ADB-A5B9-1C1BF07F4A23}
		{D66E0547-DA44-4859-80F8-03AC76D73E8B} = {6743E6DC-22C4-4ADB-A5B9-1C1BF07F4A23}
	EndGlobalSection
	GlobalSection(ExtensibilityGlobals) = postSolution
		SolutionGuid = {685FE6C3-64BD-4A07-9302-5FF2860C0526}
	EndGlobalSection
EndGlobal
